
Microsoft Visual Studio Solution File, Format Version 12.00
# Visual Studio 15
Project("{FAE04EC0-301F-11D3-BF4B-00C04F79EFBC}") = "Assembly-CSharp", "Assembly-CSharp.csproj", "{43935BC7-80EB-3614-FC25-6602D39DF7F4}"
EndProject
Project("{FAE04EC0-301F-11D3-BF4B-00C04F79EFBC}") = "Assembly-CSharp-firstpass", "Assembly-CSharp-firstpass.csproj", "{4982F74C-074C-3583-C09A-11EACE8CC8DF}"
EndProject
Project("{FAE04EC0-301F-11D3-BF4B-00C04F79EFBC}") = "Assembly-CSharp-Editor", "Assembly-CSharp-Editor.csproj", "{0793C186-9D5E-4D48-72CD-D41B44A2C3C3}"
EndProject
Global
	GlobalSection(SolutionConfigurationPlatforms) = preSolution
		Debug|Any CPU = Debug|Any CPU
		Release|Any CPU = Release|Any CPU
	EndGlobalSection
	GlobalSection(ProjectConfigurationPlatforms) = postSolution
		{43935BC7-80EB-3614-FC25-6602D39DF7F4}.Debug|Any CPU.ActiveCfg = Debug|Any CPU
		{43935BC7-80EB-3614-FC25-6602D39DF7F4}.Debug|Any CPU.Build.0 = Debug|Any CPU
		{43935BC7-80EB-3614-FC25-6602D39DF7F4}.Release|Any CPU.ActiveCfg = Release|Any CPU
		{43935BC7-80EB-3614-FC25-6602D39DF7F4}.Release|Any CPU.Build.0 = Release|Any CPU
		{4982F74C-074C-3583-C09A-11EACE8CC8DF}.Debug|Any CPU.ActiveCfg = Debug|Any CPU
		{4982F74C-074C-3583-C09A-11EACE8CC8DF}.Debug|Any CPU.Build.0 = Debug|Any CPU
		{4982F74C-074C-3583-C09A-11EACE8CC8DF}.Release|Any CPU.ActiveCfg = Release|Any CPU
		{4982F74C-074C-3583-C09A-11EACE8CC8DF}.Release|Any CPU.Build.0 = Release|Any CPU
		{0793C186-9D5E-4D48-72CD-D41B44A2C3C3}.Debug|Any CPU.ActiveCfg = Debug|Any CPU
		{0793C186-9D5E-4D48-72CD-D41B44A2C3C3}.Debug|Any CPU.Build.0 = Debug|Any CPU
		{0793C186-9D5E-4D48-72CD-D41B44A2C3C3}.Release|Any CPU.ActiveCfg = Release|Any CPU
		{0793C186-9D5E-4D48-72CD-D41B44A2C3C3}.Release|Any CPU.Build.0 = Release|Any CPU
	EndGlobalSection
	GlobalSection(SolutionProperties) = preSolution
		HideSolutionNode = FALSE
	EndGlobalSection
EndGlobal
