
Microsoft Visual Studio Solution File, Format Version 11.00
# Visual Studio 2010
Project("{FAE04EC0-301F-11D3-BF4B-00C04F79EFBC}") = "Assembly-CSharp", "Assembly-CSharp.csproj", "{9eaa5f4d-7df3-35c8-4cc1-96dad29abbd6}"
EndProject
Project("{FAE04EC0-301F-11D3-BF4B-00C04F79EFBC}") = "Assembly-CSharp-Editor", "Assembly-CSharp-Editor.csproj", "{3e20bef7-0b55-8235-7f97-fc50e84fbf44}"
EndProject
Project("{FAE04EC0-301F-11D3-BF4B-00C04F79EFBC}") = "Assembly-CSharp-firstpass", "Assembly-CSharp-firstpass.csproj", "{09772708-91a0-abe3-ed2a-7f2395184a90}"
EndProject
Global
	GlobalSection(SolutionConfigurationPlatforms) = preSolution
		Debug|Any CPU = Debug|Any CPU
	EndGlobalSection
	GlobalSection(ProjectConfigurationPlatforms) = postSolution
		{9eaa5f4d-7df3-35c8-4cc1-96dad29abbd6}.Debug|Any CPU.ActiveCfg = Debug|Any CPU
		{9eaa5f4d-7df3-35c8-4cc1-96dad29abbd6}.Debug|Any CPU.Build.0 = Debug|Any CPU
		{3e20bef7-0b55-8235-7f97-fc50e84fbf44}.Debug|Any CPU.ActiveCfg = Debug|Any CPU
		{3e20bef7-0b55-8235-7f97-fc50e84fbf44}.Debug|Any CPU.Build.0 = Debug|Any CPU
		{09772708-91a0-abe3-ed2a-7f2395184a90}.Debug|Any CPU.ActiveCfg = Debug|Any CPU
		{09772708-91a0-abe3-ed2a-7f2395184a90}.Debug|Any CPU.Build.0 = Debug|Any CPU
	EndGlobalSection
	GlobalSection(SolutionProperties) = preSolution
		HideSolutionNode = FALSE
	EndGlobalSection
EndGlobal
